
Microsoft Visual Studio Solution File, Format Version 12.00
# Visual Studio 15
VisualStudioVersion = 15.0.27130.2024
MinimumVisualStudioVersion = 10.0.40219.1
Project("{FAE04EC0-301F-11D3-BF4B-00C04F79EFBC}") = "Final Project", "Final Project\Final Project.csproj", "{34EEEF07-65E0-4B89-965B-20C612298759}"
EndProject
Global
	GlobalSection(SolutionConfigurationPlatforms) = preSolution
		Debug|Any CPU = Debug|Any CPU
		Release|Any CPU = Release|Any CPU
	EndGlobalSection
	GlobalSection(ProjectConfigurationPlatforms) = postSolution
		{34EEEF07-65E0-4B89-965B-20C612298759}.Debug|Any CPU.ActiveCfg = Debug|Any CPU
		{34EEEF07-65E0-4B89-965B-20C612298759}.Debug|Any CPU.Build.0 = Debug|Any CPU
		{34EEEF07-65E0-4B89-965B-20C612298759}.Release|Any CPU.ActiveCfg = Release|Any CPU
		{34EEEF07-65E0-4B89-965B-20C612298759}.Release|Any CPU.Build.0 = Release|Any CPU
	EndGlobalSection
	GlobalSection(SolutionProperties) = preSolution
		HideSolutionNode = FALSE
	EndGlobalSection
	GlobalSection(ExtensibilityGlobals) = postSolution
		SolutionGuid = {1E6CF429-70C8-4CED-96E9-BD84ABA52098}
	EndGlobalSection
EndGlobal
